
Microsoft Visual Studio Solution File, Format Version 12.00
# Visual Studio 15
VisualStudioVersion = 15.0.28010.2026
MinimumVisualStudioVersion = 10.0.40219.1
Project("{FAE04EC0-301F-11D3-BF4B-00C04F79EFBC}") = "Verified Demo App", "Verified Demo App\Verified Demo App.csproj", "{6C82EA57-7F61-43F4-94D4-8C5A9E1CDCBC}"
EndProject
Global
	GlobalSection(SolutionConfigurationPlatforms) = preSolution
		Debug|Any CPU = Debug|Any CPU
		Release|Any CPU = Release|Any CPU
	EndGlobalSection
	GlobalSection(ProjectConfigurationPlatforms) = postSolution
		{6C82EA57-7F61-43F4-94D4-8C5A9E1CDCBC}.Debug|Any CPU.ActiveCfg = Debug|Any CPU
		{6C82EA57-7F61-43F4-94D4-8C5A9E1CDCBC}.Debug|Any CPU.Build.0 = Debug|Any CPU
		{6C82EA57-7F61-43F4-94D4-8C5A9E1CDCBC}.Release|Any CPU.ActiveCfg = Release|Any CPU
		{6C82EA57-7F61-43F4-94D4-8C5A9E1CDCBC}.Release|Any CPU.Build.0 = Release|Any CPU
	EndGlobalSection
	GlobalSection(SolutionProperties) = preSolution
		HideSolutionNode = FALSE
	EndGlobalSection
	GlobalSection(ExtensibilityGlobals) = postSolution
		SolutionGuid = {CE6ADE96-685A-4EAC-950B-482DD2B8B367}
	EndGlobalSection
EndGlobal
